
Microsoft Visual Studio Solution File, Format Version 12.00
# Visual Studio 15
VisualStudioVersion = 15.0.28010.2003
MinimumVisualStudioVersion = 10.0.40219.1
Project("{FAE04EC0-301F-11D3-BF4B-00C04F79EFBC}") = "RapidIoC", "RapidIoC\RapidIoC.csproj", "{A57A1B5C-FAB7-4FD8-B422-BA9B05CEFBD0}"
EndProject
Project("{FAE04EC0-301F-11D3-BF4B-00C04F79EFBC}") = "CpReflection", "..\CpReflection\CpReflectionLib\CpReflection\CpReflection.csproj", "{427FE9B3-08BB-4F31-BD3E-A560C2B4D718}"
EndProject
Global
	GlobalSection(SolutionConfigurationPlatforms) = preSolution
		Debug|Any CPU = Debug|Any CPU
		Release|Any CPU = Release|Any CPU
	EndGlobalSection
	GlobalSection(ProjectConfigurationPlatforms) = postSolution
		{A57A1B5C-FAB7-4FD8-B422-BA9B05CEFBD0}.Debug|Any CPU.ActiveCfg = Debug|Any CPU
		{A57A1B5C-FAB7-4FD8-B422-BA9B05CEFBD0}.Debug|Any CPU.Build.0 = Debug|Any CPU
		{A57A1B5C-FAB7-4FD8-B422-BA9B05CEFBD0}.Release|Any CPU.ActiveCfg = Release|Any CPU
		{A57A1B5C-FAB7-4FD8-B422-BA9B05CEFBD0}.Release|Any CPU.Build.0 = Release|Any CPU
		{427FE9B3-08BB-4F31-BD3E-A560C2B4D718}.Debug|Any CPU.ActiveCfg = Debug|Any CPU
		{427FE9B3-08BB-4F31-BD3E-A560C2B4D718}.Debug|Any CPU.Build.0 = Debug|Any CPU
		{427FE9B3-08BB-4F31-BD3E-A560C2B4D718}.Release|Any CPU.ActiveCfg = Release|Any CPU
		{427FE9B3-08BB-4F31-BD3E-A560C2B4D718}.Release|Any CPU.Build.0 = Release|Any CPU
	EndGlobalSection
	GlobalSection(SolutionProperties) = preSolution
		HideSolutionNode = FALSE
	EndGlobalSection
	GlobalSection(ExtensibilityGlobals) = postSolution
		SolutionGuid = {866B1D8D-A028-4135-A37F-315129EAE002}
	EndGlobalSection
EndGlobal
